<?xml version="1.0" encoding="utf-8"?>
<Project ToolsVersion="4.0" xmlns="http://schemas.microsoft.com/developer/msbuild/2003">
  <ItemGroup>
    <Filter Include="Source Files">
      <UniqueIdentifier>{4FC737F1-C7A5-4376-A066-2A32D752A2FF}</UniqueIdentifier>
      <Extensions>cpp;c;cc;cxx;def;odl;idl;hpj;bat;asm;asmx</Extensions>
    </Filter>
    <Filter Include="Header Files">
      <UniqueIdentifier>{93995380-89BD-4b04-88EB-625FBE52EBFB}</UniqueIdentifier>
      <Extensions>h;hpp;hxx;hm;inl;inc;xsd</Extensions>
    </Filter>
    <Filter Include="Resource Files">
      <UniqueIdentifier>{67DA6AB6-F800-4c08-8B7A-83BB121AAD01}</UniqueIdentifier>
      <Extensions>rc;ico;cur;bmp;dlg;rc2;rct;bin;rgs;gif;jpg;jpeg;jpe;resx;tiff;tif;png;wav</Extensions>
    </Filter>
    <Filter Include="blocks">
      <UniqueIdentifier>{75008cf6-2dd9-46ad-98c0-ffeb4fc9655b}</UniqueIdentifier>
    </Filter>
    <Filter Include="blocks\Cinder-LiveJsonParam">
      <UniqueIdentifier>{7f918bba-30c8-41fb-9a46-4250f5a188ae}</UniqueIdentifier>
    </Filter>
    <Filter Include="blocks\Watchdog">
      <UniqueIdentifier>{d565c3cd-61e4-4f74-a763-a228f0cc8133}</UniqueIdentifier>
    </Filter>
    <Filter Include="blocks\Watchdog\include">
      <UniqueIdentifier>{66df6119-d41c-49f9-b8eb-10a85111c1e2}</UniqueIdentifier>
    </Filter>
  </ItemGroup>
  <ItemGroup>
    <ClCompile Include="..\src\DemoApp.cpp">
      <Filter>Source Files</Filter>
    </ClCompile>
    <ClCompile Include="..\src\DemoApp.cpp">
      <Filter>Source Files</Filter>
    </ClCompile>
    <ClInclude Include="..\include\Resources.h">
      <Filter>Header Files</Filter>
    </ClInclude>
    <ClCompile Include="..\..\..\src\LiveParam.cpp">
      <Filter>blocks\Cinder-LiveJsonParam</Filter>
    </ClCompile>
  </ItemGroup>
  <ItemGroup>
    <ClInclude Include="..\include\Resources.h">
      <Filter>Header Files</Filter>
    </ClInclude>
    <ClInclude Include="..\..\..\src\LiveParam.h">
      <Filter>blocks\Cinder-LiveJsonParam</Filter>
    </ClInclude>
    <ClInclude Include="..\..\..\src\Watchdog\include\Watchdog.h">
      <Filter>blocks\Watchdog\include</Filter>
    </ClInclude>
  </ItemGroup>
  <ItemGroup>
    <ResourceCompile Include="Resources.rc">
      <Filter>Resource Files</Filter>
    </ResourceCompile>
  </ItemGroup>
</Project>